
Microsoft Visual Studio Solution File, Format Version 12.00
# Visual Studio Version 17
VisualStudioVersion = 17.0.31903.59
MinimumVisualStudioVersion = 10.0.40219.1
Project("{2150E333-8FDC-42A3-9474-1A3956D46DE8}") = "src", "src", "{827E0CD3-B72D-47B6-A68D-7590B98EB39B}"
EndProject
Project("{2150E333-8FDC-42A3-9474-1A3956D46DE8}") = "WebApi", "WebApi", "{953D89DF-FDD2-4C1A-6A43-6326114B13B5}"
EndProject
Project("{FAE04EC0-301F-11D3-BF4B-00C04F79EFBC}") = "Bimcer.TaskManagement.Service.WebApi", "src\WebApi\Bimcer.TaskManagement.Service.WebApi.csproj", "{D35085B2-1782-42BF-AD75-EFB7FCFCFC17}"
EndProject
Project("{2150E333-8FDC-42A3-9474-1A3956D46DE8}") = "Business", "Business", "{CC1F4FA2-92F2-BA4B-815B-7EC2CBBCCF50}"
EndProject
Project("{FAE04EC0-301F-11D3-BF4B-00C04F79EFBC}") = "Bimcer.TaskManagement.Service.Business", "src\Business\Bimcer.TaskManagement.Service.Business.csproj", "{7A53E38C-9A90-4C3A-A841-CC62DDA600CC}"
EndProject
Project("{2150E333-8FDC-42A3-9474-1A3956D46DE8}") = "Core", "Core", "{8D626EA8-CB54-BC41-363A-217881BEBA6E}"
EndProject
Project("{FAE04EC0-301F-11D3-BF4B-00C04F79EFBC}") = "Bimcer.TaskManagement.Service.Core", "src\Core\Bimcer.TaskManagement.Service.Core.csproj", "{BB4B34C2-F09D-4599-89B2-24DA21BF9981}"
EndProject
Project("{2150E333-8FDC-42A3-9474-1A3956D46DE8}") = "DataAccess", "DataAccess", "{0796A545-0232-5A86-4D4B-22DE456F7E19}"
EndProject
Project("{FAE04EC0-301F-11D3-BF4B-00C04F79EFBC}") = "Bimcer.TaskManagement.Service.DataAccess", "src\DataAccess\Bimcer.TaskManagement.Service.DataAccess.csproj", "{0505BC54-016A-4739-9822-5323E601D316}"
EndProject
Project("{2150E333-8FDC-42A3-9474-1A3956D46DE8}") = "Entity", "Entity", "{B8347B43-532A-EF6F-2213-C733AD5924F9}"
EndProject
Project("{FAE04EC0-301F-11D3-BF4B-00C04F79EFBC}") = "Bimcer.TaskManagement.Service.Entity", "src\Entity\Bimcer.TaskManagement.Service.Entity.csproj", "{E9E790D2-1F11-4626-9648-4A3A8477D303}"
EndProject
Project("{2150E333-8FDC-42A3-9474-1A3956D46DE8}") = "tests", "tests", "{0AB3BF05-4346-4AA6-1389-037BE0695223}"
EndProject
Project("{2150E333-8FDC-42A3-9474-1A3956D46DE8}") = "Tests", "Tests", "{EC10624D-81B3-6534-873E-E7707B308740}"
EndProject
Project("{FAE04EC0-301F-11D3-BF4B-00C04F79EFBC}") = "Bimcer.TaskManagement.Service.Tests", "tests\Tests\Bimcer.TaskManagement.Service.Tests.csproj", "{9CC383A8-DDAE-4351-80BC-A2D71C256271}"
EndProject
Global
	GlobalSection(SolutionConfigurationPlatforms) = preSolution
		Debug|Any CPU = Debug|Any CPU
		Debug|x64 = Debug|x64
		Debug|x86 = Debug|x86
		Release|Any CPU = Release|Any CPU
		Release|x64 = Release|x64
		Release|x86 = Release|x86
	EndGlobalSection
	GlobalSection(ProjectConfigurationPlatforms) = postSolution
		{D35085B2-1782-42BF-AD75-EFB7FCFCFC17}.Debug|Any CPU.ActiveCfg = Debug|Any CPU
		{D35085B2-1782-42BF-AD75-EFB7FCFCFC17}.Debug|Any CPU.Build.0 = Debug|Any CPU
		{D35085B2-1782-42BF-AD75-EFB7FCFCFC17}.Debug|x64.ActiveCfg = Debug|Any CPU
		{D35085B2-1782-42BF-AD75-EFB7FCFCFC17}.Debug|x64.Build.0 = Debug|Any CPU
		{D35085B2-1782-42BF-AD75-EFB7FCFCFC17}.Debug|x86.ActiveCfg = Debug|Any CPU
		{D35085B2-1782-42BF-AD75-EFB7FCFCFC17}.Debug|x86.Build.0 = Debug|Any CPU
		{D35085B2-1782-42BF-AD75-EFB7FCFCFC17}.Release|Any CPU.ActiveCfg = Release|Any CPU
		{D35085B2-1782-42BF-AD75-EFB7FCFCFC17}.Release|Any CPU.Build.0 = Release|Any CPU
		{D35085B2-1782-42BF-AD75-EFB7FCFCFC17}.Release|x64.ActiveCfg = Release|Any CPU
		{D35085B2-1782-42BF-AD75-EFB7FCFCFC17}.Release|x64.Build.0 = Release|Any CPU
		{D35085B2-1782-42BF-AD75-EFB7FCFCFC17}.Release|x86.ActiveCfg = Release|Any CPU
		{D35085B2-1782-42BF-AD75-EFB7FCFCFC17}.Release|x86.Build.0 = Release|Any CPU
		{7A53E38C-9A90-4C3A-A841-CC62DDA600CC}.Debug|Any CPU.ActiveCfg = Debug|Any CPU
		{7A53E38C-9A90-4C3A-A841-CC62DDA600CC}.Debug|Any CPU.Build.0 = Debug|Any CPU
		{7A53E38C-9A90-4C3A-A841-CC62DDA600CC}.Debug|x64.ActiveCfg = Debug|Any CPU
		{7A53E38C-9A90-4C3A-A841-CC62DDA600CC}.Debug|x64.Build.0 = Debug|Any CPU
		{7A53E38C-9A90-4C3A-A841-CC62DDA600CC}.Debug|x86.ActiveCfg = Debug|Any CPU
		{7A53E38C-9A90-4C3A-A841-CC62DDA600CC}.Debug|x86.Build.0 = Debug|Any CPU
		{7A53E38C-9A90-4C3A-A841-CC62DDA600CC}.Release|Any CPU.ActiveCfg = Release|Any CPU
		{7A53E38C-9A90-4C3A-A841-CC62DDA600CC}.Release|Any CPU.Build.0 = Release|Any CPU
		{7A53E38C-9A90-4C3A-A841-CC62DDA600CC}.Release|x64.ActiveCfg = Release|Any CPU
		{7A53E38C-9A90-4C3A-A841-CC62DDA600CC}.Release|x64.Build.0 = Release|Any CPU
		{7A53E38C-9A90-4C3A-A841-CC62DDA600CC}.Release|x86.ActiveCfg = Release|Any CPU
		{7A53E38C-9A90-4C3A-A841-CC62DDA600CC}.Release|x86.Build.0 = Release|Any CPU
		{BB4B34C2-F09D-4599-89B2-24DA21BF9981}.Debug|Any CPU.ActiveCfg = Debug|Any CPU
		{BB4B34C2-F09D-4599-89B2-24DA21BF9981}.Debug|Any CPU.Build.0 = Debug|Any CPU
		{BB4B34C2-F09D-4599-89B2-24DA21BF9981}.Debug|x64.ActiveCfg = Debug|Any CPU
		{BB4B34C2-F09D-4599-89B2-24DA21BF9981}.Debug|x64.Build.0 = Debug|Any CPU
		{BB4B34C2-F09D-4599-89B2-24DA21BF9981}.Debug|x86.ActiveCfg = Debug|Any CPU
		{BB4B34C2-F09D-4599-89B2-24DA21BF9981}.Debug|x86.Build.0 = Debug|Any CPU
		{BB4B34C2-F09D-4599-89B2-24DA21BF9981}.Release|Any CPU.ActiveCfg = Release|Any CPU
		{BB4B34C2-F09D-4599-89B2-24DA21BF9981}.Release|Any CPU.Build.0 = Release|Any CPU
		{BB4B34C2-F09D-4599-89B2-24DA21BF9981}.Release|x64.ActiveCfg = Release|Any CPU
		{BB4B34C2-F09D-4599-89B2-24DA21BF9981}.Release|x64.Build.0 = Release|Any CPU
		{BB4B34C2-F09D-4599-89B2-24DA21BF9981}.Release|x86.ActiveCfg = Release|Any CPU
		{BB4B34C2-F09D-4599-89B2-24DA21BF9981}.Release|x86.Build.0 = Release|Any CPU
		{0505BC54-016A-4739-9822-5323E601D316}.Debug|Any CPU.ActiveCfg = Debug|Any CPU
		{0505BC54-016A-4739-9822-5323E601D316}.Debug|Any CPU.Build.0 = Debug|Any CPU
		{0505BC54-016A-4739-9822-5323E601D316}.Debug|x64.ActiveCfg = Debug|Any CPU
		{0505BC54-016A-4739-9822-5323E601D316}.Debug|x64.Build.0 = Debug|Any CPU
		{0505BC54-016A-4739-9822-5323E601D316}.Debug|x86.ActiveCfg = Debug|Any CPU
		{0505BC54-016A-4739-9822-5323E601D316}.Debug|x86.Build.0 = Debug|Any CPU
		{0505BC54-016A-4739-9822-5323E601D316}.Release|Any CPU.ActiveCfg = Release|Any CPU
		{0505BC54-016A-4739-9822-5323E601D316}.Release|Any CPU.Build.0 = Release|Any CPU
		{0505BC54-016A-4739-9822-5323E601D316}.Release|x64.ActiveCfg = Release|Any CPU
		{0505BC54-016A-4739-9822-5323E601D316}.Release|x64.Build.0 = Release|Any CPU
		{0505BC54-016A-4739-9822-5323E601D316}.Release|x86.ActiveCfg = Release|Any CPU
		{0505BC54-016A-4739-9822-5323E601D316}.Release|x86.Build.0 = Release|Any CPU
		{E9E790D2-1F11-4626-9648-4A3A8477D303}.Debug|Any CPU.ActiveCfg = Debug|Any CPU
		{E9E790D2-1F11-4626-9648-4A3A8477D303}.Debug|Any CPU.Build.0 = Debug|Any CPU
		{E9E790D2-1F11-4626-9648-4A3A8477D303}.Debug|x64.ActiveCfg = Debug|Any CPU
		{E9E790D2-1F11-4626-9648-4A3A8477D303}.Debug|x64.Build.0 = Debug|Any CPU
		{E9E790D2-1F11-4626-9648-4A3A8477D303}.Debug|x86.ActiveCfg = Debug|Any CPU
		{E9E790D2-1F11-4626-9648-4A3A8477D303}.Debug|x86.Build.0 = Debug|Any CPU
		{E9E790D2-1F11-4626-9648-4A3A8477D303}.Release|Any CPU.ActiveCfg = Release|Any CPU
		{E9E790D2-1F11-4626-9648-4A3A8477D303}.Release|Any CPU.Build.0 = Release|Any CPU
		{E9E790D2-1F11-4626-9648-4A3A8477D303}.Release|x64.ActiveCfg = Release|Any CPU
		{E9E790D2-1F11-4626-9648-4A3A8477D303}.Release|x64.Build.0 = Release|Any CPU
		{E9E790D2-1F11-4626-9648-4A3A8477D303}.Release|x86.ActiveCfg = Release|Any CPU
		{E9E790D2-1F11-4626-9648-4A3A8477D303}.Release|x86.Build.0 = Release|Any CPU
		{9CC383A8-DDAE-4351-80BC-A2D71C256271}.Debug|Any CPU.ActiveCfg = Debug|Any CPU
		{9CC383A8-DDAE-4351-80BC-A2D71C256271}.Debug|Any CPU.Build.0 = Debug|Any CPU
		{9CC383A8-DDAE-4351-80BC-A2D71C256271}.Debug|x64.ActiveCfg = Debug|Any CPU
		{9CC383A8-DDAE-4351-80BC-A2D71C256271}.Debug|x64.Build.0 = Debug|Any CPU
		{9CC383A8-DDAE-4351-80BC-A2D71C256271}.Debug|x86.ActiveCfg = Debug|Any CPU
		{9CC383A8-DDAE-4351-80BC-A2D71C256271}.Debug|x86.Build.0 = Debug|Any CPU
		{9CC383A8-DDAE-4351-80BC-A2D71C256271}.Release|Any CPU.ActiveCfg = Release|Any CPU
		{9CC383A8-DDAE-4351-80BC-A2D71C256271}.Release|Any CPU.Build.0 = Release|Any CPU
		{9CC383A8-DDAE-4351-80BC-A2D71C256271}.Release|x64.ActiveCfg = Release|Any CPU
		{9CC383A8-DDAE-4351-80BC-A2D71C256271}.Release|x64.Build.0 = Release|Any CPU
		{9CC383A8-DDAE-4351-80BC-A2D71C256271}.Release|x86.ActiveCfg = Release|Any CPU
		{9CC383A8-DDAE-4351-80BC-A2D71C256271}.Release|x86.Build.0 = Release|Any CPU
	EndGlobalSection
	GlobalSection(SolutionProperties) = preSolution
		HideSolutionNode = FALSE
	EndGlobalSection
	GlobalSection(NestedProjects) = preSolution
		{953D89DF-FDD2-4C1A-6A43-6326114B13B5} = {827E0CD3-B72D-47B6-A68D-7590B98EB39B}
		{D35085B2-1782-42BF-AD75-EFB7FCFCFC17} = {953D89DF-FDD2-4C1A-6A43-6326114B13B5}
		{CC1F4FA2-92F2-BA4B-815B-7EC2CBBCCF50} = {827E0CD3-B72D-47B6-A68D-7590B98EB39B}
		{7A53E38C-9A90-4C3A-A841-CC62DDA600CC} = {CC1F4FA2-92F2-BA4B-815B-7EC2CBBCCF50}
		{8D626EA8-CB54-BC41-363A-217881BEBA6E} = {827E0CD3-B72D-47B6-A68D-7590B98EB39B}
		{BB4B34C2-F09D-4599-89B2-24DA21BF9981} = {8D626EA8-CB54-BC41-363A-217881BEBA6E}
		{0796A545-0232-5A86-4D4B-22DE456F7E19} = {827E0CD3-B72D-47B6-A68D-7590B98EB39B}
		{0505BC54-016A-4739-9822-5323E601D316} = {0796A545-0232-5A86-4D4B-22DE456F7E19}
		{B8347B43-532A-EF6F-2213-C733AD5924F9} = {827E0CD3-B72D-47B6-A68D-7590B98EB39B}
		{E9E790D2-1F11-4626-9648-4A3A8477D303} = {B8347B43-532A-EF6F-2213-C733AD5924F9}
		{EC10624D-81B3-6534-873E-E7707B308740} = {0AB3BF05-4346-4AA6-1389-037BE0695223}
		{9CC383A8-DDAE-4351-80BC-A2D71C256271} = {EC10624D-81B3-6534-873E-E7707B308740}
	EndGlobalSection
EndGlobal
