
Microsoft Visual Studio Solution File, Format Version 12.00
# Visual Studio Version 17
VisualStudioVersion = 17.0.31903.59
MinimumVisualStudioVersion = 10.0.40219.1
Project("{2150E333-8FDC-42A3-9474-1A3956D46DE8}") = "src", "src", "{827E0CD3-B72D-47B6-A68D-7590B98EB39B}"
EndProject
Project("{FAE04EC0-301F-11D3-BF4B-00C04F79EFBC}") = "Bimcer.TaskManagement.Service.WebAApi", "src\Bimcer.TaskManagement.Service.WebAApi\Bimcer.TaskManagement.Service.WebAApi.csproj", "{725050F9-31ED-4FF3-8966-642FBF50E4A9}"
EndProject
Project("{FAE04EC0-301F-11D3-BF4B-00C04F79EFBC}") = "Bimcer.TaskManagement.Service.Business", "src\Bimcer.TaskManagement.Service.Business\Bimcer.TaskManagement.Service.Business.csproj", "{F1AB9B91-9E32-46EC-8E1E-09690EB2A50F}"
EndProject
Project("{FAE04EC0-301F-11D3-BF4B-00C04F79EFBC}") = "Bimcer.TaskManagement.Service.Core", "src\Bimcer.TaskManagement.Service.Core\Bimcer.TaskManagement.Service.Core.csproj", "{42D1228C-0D91-4E3C-ADDC-D6CF1E69E6DE}"
EndProject
Project("{FAE04EC0-301F-11D3-BF4B-00C04F79EFBC}") = "Bimcer.TaskManagement.Service.DataAccess", "src\Bimcer.TaskManagement.Service.DataAccess\Bimcer.TaskManagement.Service.DataAccess.csproj", "{BDBB12E1-8019-4618-AE4A-37FE044203EB}"
EndProject
Project("{FAE04EC0-301F-11D3-BF4B-00C04F79EFBC}") = "Bimcer.TaskManagement.Service.Entity", "src\Bimcer.TaskManagement.Service.Entity\Bimcer.TaskManagement.Service.Entity.csproj", "{89A0F567-26D4-4396-9FBF-265E7B6F4776}"
EndProject
Global
	GlobalSection(SolutionConfigurationPlatforms) = preSolution
		Debug|Any CPU = Debug|Any CPU
		Debug|x64 = Debug|x64
		Debug|x86 = Debug|x86
		Release|Any CPU = Release|Any CPU
		Release|x64 = Release|x64
		Release|x86 = Release|x86
	EndGlobalSection
	GlobalSection(ProjectConfigurationPlatforms) = postSolution
		{725050F9-31ED-4FF3-8966-642FBF50E4A9}.Debug|Any CPU.ActiveCfg = Debug|Any CPU
		{725050F9-31ED-4FF3-8966-642FBF50E4A9}.Debug|Any CPU.Build.0 = Debug|Any CPU
		{725050F9-31ED-4FF3-8966-642FBF50E4A9}.Debug|x64.ActiveCfg = Debug|Any CPU
		{725050F9-31ED-4FF3-8966-642FBF50E4A9}.Debug|x64.Build.0 = Debug|Any CPU
		{725050F9-31ED-4FF3-8966-642FBF50E4A9}.Debug|x86.ActiveCfg = Debug|Any CPU
		{725050F9-31ED-4FF3-8966-642FBF50E4A9}.Debug|x86.Build.0 = Debug|Any CPU
		{725050F9-31ED-4FF3-8966-642FBF50E4A9}.Release|Any CPU.ActiveCfg = Release|Any CPU
		{725050F9-31ED-4FF3-8966-642FBF50E4A9}.Release|Any CPU.Build.0 = Release|Any CPU
		{725050F9-31ED-4FF3-8966-642FBF50E4A9}.Release|x64.ActiveCfg = Release|Any CPU
		{725050F9-31ED-4FF3-8966-642FBF50E4A9}.Release|x64.Build.0 = Release|Any CPU
		{725050F9-31ED-4FF3-8966-642FBF50E4A9}.Release|x86.ActiveCfg = Release|Any CPU
		{725050F9-31ED-4FF3-8966-642FBF50E4A9}.Release|x86.Build.0 = Release|Any CPU
		{F1AB9B91-9E32-46EC-8E1E-09690EB2A50F}.Debug|Any CPU.ActiveCfg = Debug|Any CPU
		{F1AB9B91-9E32-46EC-8E1E-09690EB2A50F}.Debug|Any CPU.Build.0 = Debug|Any CPU
		{F1AB9B91-9E32-46EC-8E1E-09690EB2A50F}.Debug|x64.ActiveCfg = Debug|Any CPU
		{F1AB9B91-9E32-46EC-8E1E-09690EB2A50F}.Debug|x64.Build.0 = Debug|Any CPU
		{F1AB9B91-9E32-46EC-8E1E-09690EB2A50F}.Debug|x86.ActiveCfg = Debug|Any CPU
		{F1AB9B91-9E32-46EC-8E1E-09690EB2A50F}.Debug|x86.Build.0 = Debug|Any CPU
		{F1AB9B91-9E32-46EC-8E1E-09690EB2A50F}.Release|Any CPU.ActiveCfg = Release|Any CPU
		{F1AB9B91-9E32-46EC-8E1E-09690EB2A50F}.Release|Any CPU.Build.0 = Release|Any CPU
		{F1AB9B91-9E32-46EC-8E1E-09690EB2A50F}.Release|x64.ActiveCfg = Release|Any CPU
		{F1AB9B91-9E32-46EC-8E1E-09690EB2A50F}.Release|x64.Build.0 = Release|Any CPU
		{F1AB9B91-9E32-46EC-8E1E-09690EB2A50F}.Release|x86.ActiveCfg = Release|Any CPU
		{F1AB9B91-9E32-46EC-8E1E-09690EB2A50F}.Release|x86.Build.0 = Release|Any CPU
		{42D1228C-0D91-4E3C-ADDC-D6CF1E69E6DE}.Debug|Any CPU.ActiveCfg = Debug|Any CPU
		{42D1228C-0D91-4E3C-ADDC-D6CF1E69E6DE}.Debug|Any CPU.Build.0 = Debug|Any CPU
		{42D1228C-0D91-4E3C-ADDC-D6CF1E69E6DE}.Debug|x64.ActiveCfg = Debug|Any CPU
		{42D1228C-0D91-4E3C-ADDC-D6CF1E69E6DE}.Debug|x64.Build.0 = Debug|Any CPU
		{42D1228C-0D91-4E3C-ADDC-D6CF1E69E6DE}.Debug|x86.ActiveCfg = Debug|Any CPU
		{42D1228C-0D91-4E3C-ADDC-D6CF1E69E6DE}.Debug|x86.Build.0 = Debug|Any CPU
		{42D1228C-0D91-4E3C-ADDC-D6CF1E69E6DE}.Release|Any CPU.ActiveCfg = Release|Any CPU
		{42D1228C-0D91-4E3C-ADDC-D6CF1E69E6DE}.Release|Any CPU.Build.0 = Release|Any CPU
		{42D1228C-0D91-4E3C-ADDC-D6CF1E69E6DE}.Release|x64.ActiveCfg = Release|Any CPU
		{42D1228C-0D91-4E3C-ADDC-D6CF1E69E6DE}.Release|x64.Build.0 = Release|Any CPU
		{42D1228C-0D91-4E3C-ADDC-D6CF1E69E6DE}.Release|x86.ActiveCfg = Release|Any CPU
		{42D1228C-0D91-4E3C-ADDC-D6CF1E69E6DE}.Release|x86.Build.0 = Release|Any CPU
		{BDBB12E1-8019-4618-AE4A-37FE044203EB}.Debug|Any CPU.ActiveCfg = Debug|Any CPU
		{BDBB12E1-8019-4618-AE4A-37FE044203EB}.Debug|Any CPU.Build.0 = Debug|Any CPU
		{BDBB12E1-8019-4618-AE4A-37FE044203EB}.Debug|x64.ActiveCfg = Debug|Any CPU
		{BDBB12E1-8019-4618-AE4A-37FE044203EB}.Debug|x64.Build.0 = Debug|Any CPU
		{BDBB12E1-8019-4618-AE4A-37FE044203EB}.Debug|x86.ActiveCfg = Debug|Any CPU
		{BDBB12E1-8019-4618-AE4A-37FE044203EB}.Debug|x86.Build.0 = Debug|Any CPU
		{BDBB12E1-8019-4618-AE4A-37FE044203EB}.Release|Any CPU.ActiveCfg = Release|Any CPU
		{BDBB12E1-8019-4618-AE4A-37FE044203EB}.Release|Any CPU.Build.0 = Release|Any CPU
		{BDBB12E1-8019-4618-AE4A-37FE044203EB}.Release|x64.ActiveCfg = Release|Any CPU
		{BDBB12E1-8019-4618-AE4A-37FE044203EB}.Release|x64.Build.0 = Release|Any CPU
		{BDBB12E1-8019-4618-AE4A-37FE044203EB}.Release|x86.ActiveCfg = Release|Any CPU
		{BDBB12E1-8019-4618-AE4A-37FE044203EB}.Release|x86.Build.0 = Release|Any CPU
		{89A0F567-26D4-4396-9FBF-265E7B6F4776}.Debug|Any CPU.ActiveCfg = Debug|Any CPU
		{89A0F567-26D4-4396-9FBF-265E7B6F4776}.Debug|Any CPU.Build.0 = Debug|Any CPU
		{89A0F567-26D4-4396-9FBF-265E7B6F4776}.Debug|x64.ActiveCfg = Debug|Any CPU
		{89A0F567-26D4-4396-9FBF-265E7B6F4776}.Debug|x64.Build.0 = Debug|Any CPU
		{89A0F567-26D4-4396-9FBF-265E7B6F4776}.Debug|x86.ActiveCfg = Debug|Any CPU
		{89A0F567-26D4-4396-9FBF-265E7B6F4776}.Debug|x86.Build.0 = Debug|Any CPU
		{89A0F567-26D4-4396-9FBF-265E7B6F4776}.Release|Any CPU.ActiveCfg = Release|Any CPU
		{89A0F567-26D4-4396-9FBF-265E7B6F4776}.Release|Any CPU.Build.0 = Release|Any CPU
		{89A0F567-26D4-4396-9FBF-265E7B6F4776}.Release|x64.ActiveCfg = Release|Any CPU
		{89A0F567-26D4-4396-9FBF-265E7B6F4776}.Release|x64.Build.0 = Release|Any CPU
		{89A0F567-26D4-4396-9FBF-265E7B6F4776}.Release|x86.ActiveCfg = Release|Any CPU
		{89A0F567-26D4-4396-9FBF-265E7B6F4776}.Release|x86.Build.0 = Release|Any CPU
	EndGlobalSection
	GlobalSection(SolutionProperties) = preSolution
		HideSolutionNode = FALSE
	EndGlobalSection
	GlobalSection(NestedProjects) = preSolution
		{725050F9-31ED-4FF3-8966-642FBF50E4A9} = {827E0CD3-B72D-47B6-A68D-7590B98EB39B}
		{F1AB9B91-9E32-46EC-8E1E-09690EB2A50F} = {827E0CD3-B72D-47B6-A68D-7590B98EB39B}
		{42D1228C-0D91-4E3C-ADDC-D6CF1E69E6DE} = {827E0CD3-B72D-47B6-A68D-7590B98EB39B}
		{BDBB12E1-8019-4618-AE4A-37FE044203EB} = {827E0CD3-B72D-47B6-A68D-7590B98EB39B}
		{89A0F567-26D4-4396-9FBF-265E7B6F4776} = {827E0CD3-B72D-47B6-A68D-7590B98EB39B}
	EndGlobalSection
EndGlobal
